
Microsoft Visual Studio Solution File, Format Version 12.00
# Visual Studio 15
VisualStudioVersion = 15.0.27130.2026
MinimumVisualStudioVersion = 10.0.40219.1
Project("{9A19103F-16F7-4668-BE54-9A1E7A4F7556}") = "PokerConsoleApp", "PokerConsoleApp\PokerConsoleApp.csproj", "{AAD93C53-DED3-4F9B-A2A5-46008B4AFEB3}"
EndProject
Project("{FAE04EC0-301F-11D3-BF4B-00C04F79EFBC}") = "PokerConsoleApp.test", "PokerConsoleApp.test\PokerConsoleApp.test.csproj", "{468EF438-CD36-44FD-8E14-C8A8278D5BE3}"
EndProject
Global
	GlobalSection(SolutionConfigurationPlatforms) = preSolution
		Debug|Any CPU = Debug|Any CPU
		Release|Any CPU = Release|Any CPU
	EndGlobalSection
	GlobalSection(ProjectConfigurationPlatforms) = postSolution
		{AAD93C53-DED3-4F9B-A2A5-46008B4AFEB3}.Debug|Any CPU.ActiveCfg = Debug|Any CPU
		{AAD93C53-DED3-4F9B-A2A5-46008B4AFEB3}.Debug|Any CPU.Build.0 = Debug|Any CPU
		{AAD93C53-DED3-4F9B-A2A5-46008B4AFEB3}.Release|Any CPU.ActiveCfg = Release|Any CPU
		{AAD93C53-DED3-4F9B-A2A5-46008B4AFEB3}.Release|Any CPU.Build.0 = Release|Any CPU
		{468EF438-CD36-44FD-8E14-C8A8278D5BE3}.Debug|Any CPU.ActiveCfg = Debug|Any CPU
		{468EF438-CD36-44FD-8E14-C8A8278D5BE3}.Debug|Any CPU.Build.0 = Debug|Any CPU
		{468EF438-CD36-44FD-8E14-C8A8278D5BE3}.Release|Any CPU.ActiveCfg = Release|Any CPU
		{468EF438-CD36-44FD-8E14-C8A8278D5BE3}.Release|Any CPU.Build.0 = Release|Any CPU
	EndGlobalSection
	GlobalSection(SolutionProperties) = preSolution
		HideSolutionNode = FALSE
	EndGlobalSection
	GlobalSection(ExtensibilityGlobals) = postSolution
		SolutionGuid = {FB97B76F-8BB6-4B1B-BA73-DB37E99FBFE2}
	EndGlobalSection
EndGlobal
